
Microsoft Visual Studio Solution File, Format Version 12.00
# Visual Studio Version 17
VisualStudioVersion = 17.5.33424.131
MinimumVisualStudioVersion = 10.0.40219.1
Project("{8BC9CEB8-8B4A-11D0-8D11-00A0C91BC942}") = "Binary Search Tree", "Binary Search Tree\Binary Search Tree.vcxproj", "{522954D5-0443-43FE-B94B-34F3B75F8D85}"
EndProject
Global
	GlobalSection(SolutionConfigurationPlatforms) = preSolution
		Debug|x64 = Debug|x64
		Debug|x86 = Debug|x86
		Release|x64 = Release|x64
		Release|x86 = Release|x86
	EndGlobalSection
	GlobalSection(ProjectConfigurationPlatforms) = postSolution
		{522954D5-0443-43FE-B94B-34F3B75F8D85}.Debug|x64.ActiveCfg = Debug|x64
		{522954D5-0443-43FE-B94B-34F3B75F8D85}.Debug|x64.Build.0 = Debug|x64
		{522954D5-0443-43FE-B94B-34F3B75F8D85}.Debug|x86.ActiveCfg = Debug|Win32
		{522954D5-0443-43FE-B94B-34F3B75F8D85}.Debug|x86.Build.0 = Debug|Win32
		{522954D5-0443-43FE-B94B-34F3B75F8D85}.Release|x64.ActiveCfg = Release|x64
		{522954D5-0443-43FE-B94B-34F3B75F8D85}.Release|x64.Build.0 = Release|x64
		{522954D5-0443-43FE-B94B-34F3B75F8D85}.Release|x86.ActiveCfg = Release|Win32
		{522954D5-0443-43FE-B94B-34F3B75F8D85}.Release|x86.Build.0 = Release|Win32
	EndGlobalSection
	GlobalSection(SolutionProperties) = preSolution
		HideSolutionNode = FALSE
	EndGlobalSection
	GlobalSection(ExtensibilityGlobals) = postSolution
		SolutionGuid = {7E029F03-52EA-4C3B-9414-06ED93447FC2}
	EndGlobalSection
EndGlobal
